# DO NOT EDIT MANUALLY - Managed by Fern Replay
version: "1.0"
generations:
  - commit_sha: befee2c0b08982970f863bac815be249d3e168c7
    tree_hash: 0d167c527ba6e317bdd2f3f2d0f441aa7d88cac6
    timestamp: 2026-06-04T15:16:04.447Z
    cli_version: unknown
    generator_versions: {}
current_generation: befee2c0b08982970f863bac815be249d3e168c7
patches: []
